// !$*UTF8*$!
{
	archiveVersion = 1;
	classes = {
	};
	objectVersion = 56;
	objects = {

/* Begin PBXBuildFile section */
		2ACAD22D2ADF3BE80064B097 /* UserInfoViewController.swift in Sources */ = {isa = PBXBuildFile; fileRef = 2ACAD22C2ADF3BE80064B097 /* UserInfoViewController.swift */; };
		2ACAD22F2ADFDEF90064B097 /* GFUserInfoHeaderViewController.swift in Sources */ = {isa = PBXBuildFile; fileRef = 2ACAD22E2ADFDEF90064B097 /* GFUserInfoHeaderViewController.swift */; };
		2ACAD2312ADFDFAF0064B097 /* GFSecondaryTitleLabel.swift in Sources */ = {isa = PBXBuildFile; fileRef = 2ACAD2302ADFDFAF0064B097 /* GFSecondaryTitleLabel.swift */; };
		2ACAD2332ADFF2AB0064B097 /* Constants.swift in Sources */ = {isa = PBXBuildFile; fileRef = 2ACAD2322ADFF2AA0064B097 /* Constants.swift */; };
		2ACAD2352AE002860064B097 /* GFItemInfoView.swift in Sources */ = {isa = PBXBuildFile; fileRef = 2ACAD2342AE002860064B097 /* GFItemInfoView.swift */; };
		2ACAD2372AE007880064B097 /* GFItemInfoViewController.swift in Sources */ = {isa = PBXBuildFile; fileRef = 2ACAD2362AE007880064B097 /* GFItemInfoViewController.swift */; };
		2ACAD2392AE00AD00064B097 /* GFRepoItemViewController.swift in Sources */ = {isa = PBXBuildFile; fileRef = 2ACAD2382AE00AD00064B097 /* GFRepoItemViewController.swift */; };
		2ACAD23B2AE0116C0064B097 /* GFFollowerItemViewController.swift in Sources */ = {isa = PBXBuildFile; fileRef = 2ACAD23A2AE0116C0064B097 /* GFFollowerItemViewController.swift */; };
		2ACAD23E2AE0145E0064B097 /* Date+Ext.swift in Sources */ = {isa = PBXBuildFile; fileRef = 2ACAD23D2AE0145E0064B097 /* Date+Ext.swift */; };
		2ACAD2402AE014970064B097 /* String+Ext.swift in Sources */ = {isa = PBXBuildFile; fileRef = 2ACAD23F2AE014970064B097 /* String+Ext.swift */; };
		2ACAD2422AE09D6F0064B097 /* PersistenceManager.swift in Sources */ = {isa = PBXBuildFile; fileRef = 2ACAD2412AE09D6F0064B097 /* PersistenceManager.swift */; };
		2ACAD2442AE0EF000064B097 /* FavoriteCell.swift in Sources */ = {isa = PBXBuildFile; fileRef = 2ACAD2432AE0EF000064B097 /* FavoriteCell.swift */; };
		2ACAD2472AE187850064B097 /* GFTabBarController.swift in Sources */ = {isa = PBXBuildFile; fileRef = 2ACAD2462AE187850064B097 /* GFTabBarController.swift */; };
		2AFFEE852AD649DA00683283 /* AppDelegate.swift in Sources */ = {isa = PBXBuildFile; fileRef = 2AFFEE842AD649DA00683283 /* AppDelegate.swift */; };
		2AFFEE872AD649DA00683283 /* SceneDelegate.swift in Sources */ = {isa = PBXBuildFile; fileRef = 2AFFEE862AD649DA00683283 /* SceneDelegate.swift */; };
		2AFFEE8E2AD649DC00683283 /* Assets.xcassets in Resources */ = {isa = PBXBuildFile; fileRef = 2AFFEE8D2AD649DC00683283 /* Assets.xcassets */; };
		2AFFEE912AD649DC00683283 /* LaunchScreen.storyboard in Resources */ = {isa = PBXBuildFile; fileRef = 2AFFEE8F2AD649DC00683283 /* LaunchScreen.storyboard */; };
		2AFFEE992AD65B9000683283 /* SearchViewController.swift in Sources */ = {isa = PBXBuildFile; fileRef = 2AFFEE982AD65B9000683283 /* SearchViewController.swift */; };
		2AFFEE9B2AD65BB500683283 /* FavoriteListViewController.swift in Sources */ = {isa = PBXBuildFile; fileRef = 2AFFEE9A2AD65BB500683283 /* FavoriteListViewController.swift */; };
		2AFFEE9D2AD7B1D300683283 /* GFButton.swift in Sources */ = {isa = PBXBuildFile; fileRef = 2AFFEE9C2AD7B1D300683283 /* GFButton.swift */; };
		2AFFEE9F2AD7FC3D00683283 /* GFTextField.swift in Sources */ = {isa = PBXBuildFile; fileRef = 2AFFEE9E2AD7FC3D00683283 /* GFTextField.swift */; };
		2AFFEEA12AD87C6100683283 /* FollowerListViewController.swift in Sources */ = {isa = PBXBuildFile; fileRef = 2AFFEEA02AD87C6100683283 /* FollowerListViewController.swift */; };
		2AFFEEA32AD8DD1800683283 /* GFTitleLabel.swift in Sources */ = {isa = PBXBuildFile; fileRef = 2AFFEEA22AD8DD1800683283 /* GFTitleLabel.swift */; };
		2AFFEEA52AD8DEA700683283 /* GFBodyLabel.swift in Sources */ = {isa = PBXBuildFile; fileRef = 2AFFEEA42AD8DEA700683283 /* GFBodyLabel.swift */; };
		2AFFEEA72AD8DF6600683283 /* GFAlert.swift in Sources */ = {isa = PBXBuildFile; fileRef = 2AFFEEA62AD8DF6600683283 /* GFAlert.swift */; };
		2AFFEEA92AD8E54D00683283 /* UIViewController+Ext.swift in Sources */ = {isa = PBXBuildFile; fileRef = 2AFFEEA82AD8E54D00683283 /* UIViewController+Ext.swift */; };
		2AFFEEB02AD8EE2800683283 /* Follower.swift in Sources */ = {isa = PBXBuildFile; fileRef = 2AFFEEAF2AD8EE2800683283 /* Follower.swift */; };
		2AFFEEB22AD8EEEB00683283 /* User.swift in Sources */ = {isa = PBXBuildFile; fileRef = 2AFFEEB12AD8EEEB00683283 /* User.swift */; };
		2AFFEEB52AD8F3A600683283 /* NetworkManager.swift in Sources */ = {isa = PBXBuildFile; fileRef = 2AFFEEB42AD8F3A600683283 /* NetworkManager.swift */; };
		2AFFEEB82AD8FDAA00683283 /* GFError.swift in Sources */ = {isa = PBXBuildFile; fileRef = 2AFFEEB72AD8FDAA00683283 /* GFError.swift */; };
		2AFFEEBB2AD9033F00683283 /* FollowerCell.swift in Sources */ = {isa = PBXBuildFile; fileRef = 2AFFEEBA2AD9033F00683283 /* FollowerCell.swift */; };
		2AFFEEBD2AD903B800683283 /* GFAvatarImageView.swift in Sources */ = {isa = PBXBuildFile; fileRef = 2AFFEEBC2AD903B800683283 /* GFAvatarImageView.swift */; };
		2AFFEEC02ADE758000683283 /* UIHelper.swift in Sources */ = {isa = PBXBuildFile; fileRef = 2AFFEEBF2ADE758000683283 /* UIHelper.swift */; };
		2AFFEEC82ADF30CB00683283 /* GFEmptyStateView.swift in Sources */ = {isa = PBXBuildFile; fileRef = 2AFFEEC72ADF30CB00683283 /* GFEmptyStateView.swift */; };
/* End PBXBuildFile section */

/* Begin PBXFileReference section */
		2ACAD22C2ADF3BE80064B097 /* UserInfoViewController.swift */ = {isa = PBXFileReference; lastKnownFileType = sourcecode.swift; path = UserInfoViewController.swift; sourceTree = "<group>"; };
		2ACAD22E2ADFDEF90064B097 /* GFUserInfoHeaderViewController.swift */ = {isa = PBXFileReference; lastKnownFileType = sourcecode.swift; path = GFUserInfoHeaderViewController.swift; sourceTree = "<group>"; };
		2ACAD2302ADFDFAF0064B097 /* GFSecondaryTitleLabel.swift */ = {isa = PBXFileReference; lastKnownFileType = sourcecode.swift; path = GFSecondaryTitleLabel.swift; sourceTree = "<group>"; };
		2ACAD2322ADFF2AA0064B097 /* Constants.swift */ = {isa = PBXFileReference; lastKnownFileType = sourcecode.swift; path = Constants.swift; sourceTree = "<group>"; };
		2ACAD2342AE002860064B097 /* GFItemInfoView.swift */ = {isa = PBXFileReference; lastKnownFileType = sourcecode.swift; path = GFItemInfoView.swift; sourceTree = "<group>"; };
		2ACAD2362AE007880064B097 /* GFItemInfoViewController.swift */ = {isa = PBXFileReference; lastKnownFileType = sourcecode.swift; path = GFItemInfoViewController.swift; sourceTree = "<group>"; };
		2ACAD2382AE00AD00064B097 /* GFRepoItemViewController.swift */ = {isa = PBXFileReference; lastKnownFileType = sourcecode.swift; path = GFRepoItemViewController.swift; sourceTree = "<group>"; };
		2ACAD23A2AE0116C0064B097 /* GFFollowerItemViewController.swift */ = {isa = PBXFileReference; lastKnownFileType = sourcecode.swift; path = GFFollowerItemViewController.swift; sourceTree = "<group>"; };
		2ACAD23D2AE0145E0064B097 /* Date+Ext.swift */ = {isa = PBXFileReference; lastKnownFileType = sourcecode.swift; path = "Date+Ext.swift"; sourceTree = "<group>"; };
		2ACAD23F2AE014970064B097 /* String+Ext.swift */ = {isa = PBXFileReference; lastKnownFileType = sourcecode.swift; path = "String+Ext.swift"; sourceTree = "<group>"; };
		2ACAD2412AE09D6F0064B097 /* PersistenceManager.swift */ = {isa = PBXFileReference; lastKnownFileType = sourcecode.swift; path = PersistenceManager.swift; sourceTree = "<group>"; };
		2ACAD2432AE0EF000064B097 /* FavoriteCell.swift */ = {isa = PBXFileReference; lastKnownFileType = sourcecode.swift; path = FavoriteCell.swift; sourceTree = "<group>"; };
		2ACAD2462AE187850064B097 /* GFTabBarController.swift */ = {isa = PBXFileReference; lastKnownFileType = sourcecode.swift; path = GFTabBarController.swift; sourceTree = "<group>"; };
		2AFFEE812AD649DA00683283 /* GithubFollowers.app */ = {isa = PBXFileReference; explicitFileType = wrapper.application; includeInIndex = 0; path = GithubFollowers.app; sourceTree = BUILT_PRODUCTS_DIR; };
		2AFFEE842AD649DA00683283 /* AppDelegate.swift */ = {isa = PBXFileReference; lastKnownFileType = sourcecode.swift; path = AppDelegate.swift; sourceTree = "<group>"; };
		2AFFEE862AD649DA00683283 /* SceneDelegate.swift */ = {isa = PBXFileReference; lastKnownFileType = sourcecode.swift; path = SceneDelegate.swift; sourceTree = "<group>"; };
		2AFFEE8D2AD649DC00683283 /* Assets.xcassets */ = {isa = PBXFileReference; lastKnownFileType = folder.assetcatalog; path = Assets.xcassets; sourceTree = "<group>"; };
		2AFFEE902AD649DC00683283 /* Base */ = {isa = PBXFileReference; lastKnownFileType = file.storyboard; name = Base; path = Base.lproj/LaunchScreen.storyboard; sourceTree = "<group>"; };
		2AFFEE922AD649DC00683283 /* Info.plist */ = {isa = PBXFileReference; lastKnownFileType = text.plist.xml; path = Info.plist; sourceTree = "<group>"; };
		2AFFEE982AD65B9000683283 /* SearchViewController.swift */ = {isa = PBXFileReference; lastKnownFileType = sourcecode.swift; path = SearchViewController.swift; sourceTree = "<group>"; };
		2AFFEE9A2AD65BB500683283 /* FavoriteListViewController.swift */ = {isa = PBXFileReference; lastKnownFileType = sourcecode.swift; path = FavoriteListViewController.swift; sourceTree = "<group>"; };
		2AFFEE9C2AD7B1D300683283 /* GFButton.swift */ = {isa = PBXFileReference; lastKnownFileType = sourcecode.swift; path = GFButton.swift; sourceTree = "<group>"; };
		2AFFEE9E2AD7FC3D00683283 /* GFTextField.swift */ = {isa = PBXFileReference; lastKnownFileType = sourcecode.swift; path = GFTextField.swift; sourceTree = "<group>"; };
		2AFFEEA02AD87C6100683283 /* FollowerListViewController.swift */ = {isa = PBXFileReference; lastKnownFileType = sourcecode.swift; path = FollowerListViewController.swift; sourceTree = "<group>"; };
		2AFFEEA22AD8DD1800683283 /* GFTitleLabel.swift */ = {isa = PBXFileReference; lastKnownFileType = sourcecode.swift; path = GFTitleLabel.swift; sourceTree = "<group>"; };
		2AFFEEA42AD8DEA700683283 /* GFBodyLabel.swift */ = {isa = PBXFileReference; lastKnownFileType = sourcecode.swift; path = GFBodyLabel.swift; sourceTree = "<group>"; };
		2AFFEEA62AD8DF6600683283 /* GFAlert.swift */ = {isa = PBXFileReference; lastKnownFileType = sourcecode.swift; path = GFAlert.swift; sourceTree = "<group>"; };
		2AFFEEA82AD8E54D00683283 /* UIViewController+Ext.swift */ = {isa = PBXFileReference; lastKnownFileType = sourcecode.swift; path = "UIViewController+Ext.swift"; sourceTree = "<group>"; };
		2AFFEEAF2AD8EE2800683283 /* Follower.swift */ = {isa = PBXFileReference; lastKnownFileType = sourcecode.swift; path = Follower.swift; sourceTree = "<group>"; };
		2AFFEEB12AD8EEEB00683283 /* User.swift */ = {isa = PBXFileReference; lastKnownFileType = sourcecode.swift; path = User.swift; sourceTree = "<group>"; };
		2AFFEEB42AD8F3A600683283 /* NetworkManager.swift */ = {isa = PBXFileReference; lastKnownFileType = sourcecode.swift; path = NetworkManager.swift; sourceTree = "<group>"; };
		2AFFEEB72AD8FDAA00683283 /* GFError.swift */ = {isa = PBXFileReference; lastKnownFileType = sourcecode.swift; path = GFError.swift; sourceTree = "<group>"; };
		2AFFEEBA2AD9033F00683283 /* FollowerCell.swift */ = {isa = PBXFileReference; lastKnownFileType = sourcecode.swift; path = FollowerCell.swift; sourceTree = "<group>"; };
		2AFFEEBC2AD903B800683283 /* GFAvatarImageView.swift */ = {isa = PBXFileReference; lastKnownFileType = sourcecode.swift; path = GFAvatarImageView.swift; sourceTree = "<group>"; };
		2AFFEEBF2ADE758000683283 /* UIHelper.swift */ = {isa = PBXFileReference; lastKnownFileType = sourcecode.swift; path = UIHelper.swift; sourceTree = "<group>"; };
		2AFFEEC72ADF30CB00683283 /* GFEmptyStateView.swift */ = {isa = PBXFileReference; lastKnownFileType = sourcecode.swift; path = GFEmptyStateView.swift; sourceTree = "<group>"; };
/* End PBXFileReference section */

/* Begin PBXFrameworksBuildPhase section */
		2AFFEE7E2AD649DA00683283 /* Frameworks */ = {
			isa = PBXFrameworksBuildPhase;
			buildActionMask = 2147483647;
			files = (
			);
			runOnlyForDeploymentPostprocessing = 0;
		};
/* End PBXFrameworksBuildPhase section */

/* Begin PBXGroup section */
		2ACAD23C2AE011E90064B097 /* ItemInfoVCs */ = {
			isa = PBXGroup;
			children = (
				2ACAD2382AE00AD00064B097 /* GFRepoItemViewController.swift */,
				2ACAD23A2AE0116C0064B097 /* GFFollowerItemViewController.swift */,
				2ACAD2362AE007880064B097 /* GFItemInfoViewController.swift */,
			);
			path = ItemInfoVCs;
			sourceTree = "<group>";
		};
		2ACAD2452AE187530064B097 /* TabBarControllers */ = {
			isa = PBXGroup;
			children = (
				2ACAD2462AE187850064B097 /* GFTabBarController.swift */,
			);
			path = TabBarControllers;
			sourceTree = "<group>";
		};
		2AFFEE782AD649DA00683283 = {
			isa = PBXGroup;
			children = (
				2AFFEE832AD649DA00683283 /* GithubFollowers */,
				2AFFEE822AD649DA00683283 /* Products */,
			);
			sourceTree = "<group>";
		};
		2AFFEE822AD649DA00683283 /* Products */ = {
			isa = PBXGroup;
			children = (
				2AFFEE812AD649DA00683283 /* GithubFollowers.app */,
			);
			name = Products;
			sourceTree = "<group>";
		};
		2AFFEE832AD649DA00683283 /* GithubFollowers */ = {
			isa = PBXGroup;
			children = (
				2AFFEEB62AD8FD4A00683283 /* Utils */,
				2AFFEEB32AD8F38A00683283 /* Managers */,
				2AFFEE922AD649DC00683283 /* Info.plist */,
				2AFFEEAE2AD8EE1000683283 /* Model */,
				2AFFEEAD2AD8EA7800683283 /* Support */,
				2AFFEEAC2AD8E9E400683283 /* Extensions */,
				2AFFEEAB2AD8E9BB00683283 /* Custom Views */,
				2AFFEEAA2AD8E98800683283 /* Screens */,
			);
			path = GithubFollowers;
			sourceTree = "<group>";
		};
		2AFFEEAA2AD8E98800683283 /* Screens */ = {
			isa = PBXGroup;
			children = (
				2AFFEE982AD65B9000683283 /* SearchViewController.swift */,
				2AFFEEA02AD87C6100683283 /* FollowerListViewController.swift */,
				2AFFEE9A2AD65BB500683283 /* FavoriteListViewController.swift */,
				2ACAD22C2ADF3BE80064B097 /* UserInfoViewController.swift */,
			);
			path = Screens;
			sourceTree = "<group>";
		};
		2AFFEEAB2AD8E9BB00683283 /* Custom Views */ = {
			isa = PBXGroup;
			children = (
				2ACAD2452AE187530064B097 /* TabBarControllers */,
				2AFFEEC62ADF308B00683283 /* Labels */,
				2AFFEEC52ADF308000683283 /* ViewControllers */,
				2AFFEEC42ADF307200683283 /* ImageViews */,
				2AFFEEC32ADF306A00683283 /* TextFields */,
				2AFFEEC22ADF305E00683283 /* Buttons */,
				2AFFEEC12ADF305500683283 /* Views */,
				2AFFEEB92AD9031B00683283 /* Cells */,
			);
			path = "Custom Views";
			sourceTree = "<group>";
		};
		2AFFEEAC2AD8E9E400683283 /* Extensions */ = {
			isa = PBXGroup;
			children = (
				2AFFEEA82AD8E54D00683283 /* UIViewController+Ext.swift */,
				2ACAD23D2AE0145E0064B097 /* Date+Ext.swift */,
				2ACAD23F2AE014970064B097 /* String+Ext.swift */,
			);
			path = Extensions;
			sourceTree = "<group>";
		};
		2AFFEEAD2AD8EA7800683283 /* Support */ = {
			isa = PBXGroup;
			children = (
				2AFFEE842AD649DA00683283 /* AppDelegate.swift */,
				2AFFEE862AD649DA00683283 /* SceneDelegate.swift */,
				2AFFEE8D2AD649DC00683283 /* Assets.xcassets */,
				2AFFEE8F2AD649DC00683283 /* LaunchScreen.storyboard */,
			);
			path = Support;
			sourceTree = "<group>";
		};
		2AFFEEAE2AD8EE1000683283 /* Model */ = {
			isa = PBXGroup;
			children = (
				2AFFEEAF2AD8EE2800683283 /* Follower.swift */,
				2AFFEEB12AD8EEEB00683283 /* User.swift */,
			);
			path = Model;
			sourceTree = "<group>";
		};
		2AFFEEB32AD8F38A00683283 /* Managers */ = {
			isa = PBXGroup;
			children = (
				2AFFEEB42AD8F3A600683283 /* NetworkManager.swift */,
				2ACAD2412AE09D6F0064B097 /* PersistenceManager.swift */,
			);
			path = Managers;
			sourceTree = "<group>";
		};
		2AFFEEB62AD8FD4A00683283 /* Utils */ = {
			isa = PBXGroup;
			children = (
				2AFFEEB72AD8FDAA00683283 /* GFError.swift */,
				2AFFEEBF2ADE758000683283 /* UIHelper.swift */,
				2ACAD2322ADFF2AA0064B097 /* Constants.swift */,
			);
			path = Utils;
			sourceTree = "<group>";
		};
		2AFFEEB92AD9031B00683283 /* Cells */ = {
			isa = PBXGroup;
			children = (
				2AFFEEBA2AD9033F00683283 /* FollowerCell.swift */,
				2ACAD2432AE0EF000064B097 /* FavoriteCell.swift */,
			);
			path = Cells;
			sourceTree = "<group>";
		};
		2AFFEEC12ADF305500683283 /* Views */ = {
			isa = PBXGroup;
			children = (
				2AFFEEC72ADF30CB00683283 /* GFEmptyStateView.swift */,
				2ACAD2342AE002860064B097 /* GFItemInfoView.swift */,
			);
			path = Views;
			sourceTree = "<group>";
		};
		2AFFEEC22ADF305E00683283 /* Buttons */ = {
			isa = PBXGroup;
			children = (
				2AFFEE9C2AD7B1D300683283 /* GFButton.swift */,
			);
			path = Buttons;
			sourceTree = "<group>";
		};
		2AFFEEC32ADF306A00683283 /* TextFields */ = {
			isa = PBXGroup;
			children = (
				2AFFEE9E2AD7FC3D00683283 /* GFTextField.swift */,
			);
			path = TextFields;
			sourceTree = "<group>";
		};
		2AFFEEC42ADF307200683283 /* ImageViews */ = {
			isa = PBXGroup;
			children = (
				2AFFEEBC2AD903B800683283 /* GFAvatarImageView.swift */,
			);
			path = ImageViews;
			sourceTree = "<group>";
		};
		2AFFEEC52ADF308000683283 /* ViewControllers */ = {
			isa = PBXGroup;
			children = (
				2ACAD23C2AE011E90064B097 /* ItemInfoVCs */,
				2AFFEEA62AD8DF6600683283 /* GFAlert.swift */,
				2ACAD22E2ADFDEF90064B097 /* GFUserInfoHeaderViewController.swift */,
			);
			path = ViewControllers;
			sourceTree = "<group>";
		};
		2AFFEEC62ADF308B00683283 /* Labels */ = {
			isa = PBXGroup;
			children = (
				2AFFEEA22AD8DD1800683283 /* GFTitleLabel.swift */,
				2AFFEEA42AD8DEA700683283 /* GFBodyLabel.swift */,
				2ACAD2302ADFDFAF0064B097 /* GFSecondaryTitleLabel.swift */,
			);
			path = Labels;
			sourceTree = "<group>";
		};
/* End PBXGroup section */

/* Begin PBXNativeTarget section */
		2AFFEE802AD649DA00683283 /* GithubFollowers */ = {
			isa = PBXNativeTarget;
			buildConfigurationList = 2AFFEE952AD649DC00683283 /* Build configuration list for PBXNativeTarget "GithubFollowers" */;
			buildPhases = (
				2AFFEE7D2AD649DA00683283 /* Sources */,
				2AFFEE7E2AD649DA00683283 /* Frameworks */,
				2AFFEE7F2AD649DA00683283 /* Resources */,
			);
			buildRules = (
			);
			dependencies = (
			);
			name = GithubFollowers;
			productName = GithubFollowers;
			productReference = 2AFFEE812AD649DA00683283 /* GithubFollowers.app */;
			productType = "com.apple.product-type.application";
		};
/* End PBXNativeTarget section */

/* Begin PBXProject section */
		2AFFEE792AD649DA00683283 /* Project object */ = {
			isa = PBXProject;
			attributes = {
				BuildIndependentTargetsInParallel = 1;
				LastSwiftUpdateCheck = 1500;
				LastUpgradeCheck = 1500;
				TargetAttributes = {
					2AFFEE802AD649DA00683283 = {
						CreatedOnToolsVersion = 15.0;
					};
				};
			};
			buildConfigurationList = 2AFFEE7C2AD649DA00683283 /* Build configuration list for PBXProject "GithubFollowers" */;
			compatibilityVersion = "Xcode 14.0";
			developmentRegion = en;
			hasScannedForEncodings = 0;
			knownRegions = (
				en,
				Base,
			);
			mainGroup = 2AFFEE782AD649DA00683283;
			productRefGroup = 2AFFEE822AD649DA00683283 /* Products */;
			projectDirPath = "";
			projectRoot = "";
			targets = (
				2AFFEE802AD649DA00683283 /* GithubFollowers */,
			);
		};
/* End PBXProject section */

/* Begin PBXResourcesBuildPhase section */
		2AFFEE7F2AD649DA00683283 /* Resources */ = {
			isa = PBXResourcesBuildPhase;
			buildActionMask = 2147483647;
			files = (
				2AFFEE912AD649DC00683283 /* LaunchScreen.storyboard in Resources */,
				2AFFEE8E2AD649DC00683283 /* Assets.xcassets in Resources */,
			);
			runOnlyForDeploymentPostprocessing = 0;
		};
/* End PBXResourcesBuildPhase section */

/* Begin PBXSourcesBuildPhase section */
		2AFFEE7D2AD649DA00683283 /* Sources */ = {
			isa = PBXSourcesBuildPhase;
			buildActionMask = 2147483647;
			files = (
				2AFFEEB22AD8EEEB00683283 /* User.swift in Sources */,
				2AFFEE9F2AD7FC3D00683283 /* GFTextField.swift in Sources */,
				2AFFEE852AD649DA00683283 /* AppDelegate.swift in Sources */,
				2ACAD2402AE014970064B097 /* String+Ext.swift in Sources */,
				2AFFEE9D2AD7B1D300683283 /* GFButton.swift in Sources */,
				2AFFEEA92AD8E54D00683283 /* UIViewController+Ext.swift in Sources */,
				2AFFEEC02ADE758000683283 /* UIHelper.swift in Sources */,
				2ACAD23B2AE0116C0064B097 /* GFFollowerItemViewController.swift in Sources */,
				2ACAD2392AE00AD00064B097 /* GFRepoItemViewController.swift in Sources */,
				2ACAD2332ADFF2AB0064B097 /* Constants.swift in Sources */,
				2AFFEEBD2AD903B800683283 /* GFAvatarImageView.swift in Sources */,
				2AFFEEA12AD87C6100683283 /* FollowerListViewController.swift in Sources */,
				2ACAD22F2ADFDEF90064B097 /* GFUserInfoHeaderViewController.swift in Sources */,
				2ACAD2352AE002860064B097 /* GFItemInfoView.swift in Sources */,
				2ACAD2442AE0EF000064B097 /* FavoriteCell.swift in Sources */,
				2AFFEEA52AD8DEA700683283 /* GFBodyLabel.swift in Sources */,
				2ACAD2472AE187850064B097 /* GFTabBarController.swift in Sources */,
				2AFFEEBB2AD9033F00683283 /* FollowerCell.swift in Sources */,
				2AFFEE992AD65B9000683283 /* SearchViewController.swift in Sources */,
				2AFFEEB82AD8FDAA00683283 /* GFError.swift in Sources */,
				2AFFEEB02AD8EE2800683283 /* Follower.swift in Sources */,
				2AFFEE9B2AD65BB500683283 /* FavoriteListViewController.swift in Sources */,
				2ACAD23E2AE0145E0064B097 /* Date+Ext.swift in Sources */,
				2ACAD2422AE09D6F0064B097 /* PersistenceManager.swift in Sources */,
				2ACAD2312ADFDFAF0064B097 /* GFSecondaryTitleLabel.swift in Sources */,
				2AFFEEC82ADF30CB00683283 /* GFEmptyStateView.swift in Sources */,
				2AFFEEB52AD8F3A600683283 /* NetworkManager.swift in Sources */,
				2AFFEE872AD649DA00683283 /* SceneDelegate.swift in Sources */,
				2ACAD2372AE007880064B097 /* GFItemInfoViewController.swift in Sources */,
				2ACAD22D2ADF3BE80064B097 /* UserInfoViewController.swift in Sources */,
				2AFFEEA32AD8DD1800683283 /* GFTitleLabel.swift in Sources */,
				2AFFEEA72AD8DF6600683283 /* GFAlert.swift in Sources */,
			);
			runOnlyForDeploymentPostprocessing = 0;
		};
/* End PBXSourcesBuildPhase section */

/* Begin PBXVariantGroup section */
		2AFFEE8F2AD649DC00683283 /* LaunchScreen.storyboard */ = {
			isa = PBXVariantGroup;
			children = (
				2AFFEE902AD649DC00683283 /* Base */,
			);
			name = LaunchScreen.storyboard;
			sourceTree = "<group>";
		};
/* End PBXVariantGroup section */

/* Begin XCBuildConfiguration section */
		2AFFEE932AD649DC00683283 /* Debug */ = {
			isa = XCBuildConfiguration;
			buildSettings = {
				ALWAYS_SEARCH_USER_PATHS = NO;
				ASSETCATALOG_COMPILER_GENERATE_SWIFT_ASSET_SYMBOL_EXTENSIONS = YES;
				CLANG_ANALYZER_NONNULL = YES;
				CLANG_ANALYZER_NUMBER_OBJECT_CONVERSION = YES_AGGRESSIVE;
				CLANG_CXX_LANGUAGE_STANDARD = "gnu++20";
				CLANG_ENABLE_MODULES = YES;
				CLANG_ENABLE_OBJC_ARC = YES;
				CLANG_ENABLE_OBJC_WEAK = YES;
				CLANG_WARN_BLOCK_CAPTURE_AUTORELEASING = YES;
				CLANG_WARN_BOOL_CONVERSION = YES;
				CLANG_WARN_COMMA = YES;
				CLANG_WARN_CONSTANT_CONVERSION = YES;
				CLANG_WARN_DEPRECATED_OBJC_IMPLEMENTATIONS = YES;
				CLANG_WARN_DIRECT_OBJC_ISA_USAGE = YES_ERROR;
				CLANG_WARN_DOCUMENTATION_COMMENTS = YES;
				CLANG_WARN_EMPTY_BODY = YES;
				CLANG_WARN_ENUM_CONVERSION = YES;
				CLANG_WARN_INFINITE_RECURSION = YES;
				CLANG_WARN_INT_CONVERSION = YES;
				CLANG_WARN_NON_LITERAL_NULL_CONVERSION = YES;
				CLANG_WARN_OBJC_IMPLICIT_RETAIN_SELF = YES;
				CLANG_WARN_OBJC_LITERAL_CONVERSION = YES;
				CLANG_WARN_OBJC_ROOT_CLASS = YES_ERROR;
				CLANG_WARN_QUOTED_INCLUDE_IN_FRAMEWORK_HEADER = YES;
				CLANG_WARN_RANGE_LOOP_ANALYSIS = YES;
				CLANG_WARN_STRICT_PROTOTYPES = YES;
				CLANG_WARN_SUSPICIOUS_MOVE = YES;
				CLANG_WARN_UNGUARDED_AVAILABILITY = YES_AGGRESSIVE;
				CLANG_WARN_UNREACHABLE_CODE = YES;
				CLANG_WARN__DUPLICATE_METHOD_MATCH = YES;
				COPY_PHASE_STRIP = NO;
				DEBUG_INFORMATION_FORMAT = dwarf;
				ENABLE_STRICT_OBJC_MSGSEND = YES;
				ENABLE_TESTABILITY = YES;
				ENABLE_USER_SCRIPT_SANDBOXING = YES;
				GCC_C_LANGUAGE_STANDARD = gnu17;
				GCC_DYNAMIC_NO_PIC = NO;
				GCC_NO_COMMON_BLOCKS = YES;
				GCC_OPTIMIZATION_LEVEL = 0;
				GCC_PREPROCESSOR_DEFINITIONS = (
					"DEBUG=1",
					"$(inherited)",
				);
				GCC_WARN_64_TO_32_BIT_CONVERSION = YES;
				GCC_WARN_ABOUT_RETURN_TYPE = YES_ERROR;
				GCC_WARN_UNDECLARED_SELECTOR = YES;
				GCC_WARN_UNINITIALIZED_AUTOS = YES_AGGRESSIVE;
				GCC_WARN_UNUSED_FUNCTION = YES;
				GCC_WARN_UNUSED_VARIABLE = YES;
				IPHONEOS_DEPLOYMENT_TARGET = 17.0;
				LOCALIZATION_PREFERS_STRING_CATALOGS = YES;
				MTL_ENABLE_DEBUG_INFO = INCLUDE_SOURCE;
				MTL_FAST_MATH = YES;
				ONLY_ACTIVE_ARCH = YES;
				SDKROOT = iphoneos;
				SWIFT_ACTIVE_COMPILATION_CONDITIONS = "DEBUG $(inherited)";
				SWIFT_OPTIMIZATION_LEVEL = "-Onone";
			};
			name = Debug;
		};
		2AFFEE942AD649DC00683283 /* Release */ = {
			isa = XCBuildConfiguration;
			buildSettings = {
				ALWAYS_SEARCH_USER_PATHS = NO;
				ASSETCATALOG_COMPILER_GENERATE_SWIFT_ASSET_SYMBOL_EXTENSIONS = YES;
				CLANG_ANALYZER_NONNULL = YES;
				CLANG_ANALYZER_NUMBER_OBJECT_CONVERSION = YES_AGGRESSIVE;
				CLANG_CXX_LANGUAGE_STANDARD = "gnu++20";
				CLANG_ENABLE_MODULES = YES;
				CLANG_ENABLE_OBJC_ARC = YES;
				CLANG_ENABLE_OBJC_WEAK = YES;
				CLANG_WARN_BLOCK_CAPTURE_AUTORELEASING = YES;
				CLANG_WARN_BOOL_CONVERSION = YES;
				CLANG_WARN_COMMA = YES;
				CLANG_WARN_CONSTANT_CONVERSION = YES;
				CLANG_WARN_DEPRECATED_OBJC_IMPLEMENTATIONS = YES;
				CLANG_WARN_DIRECT_OBJC_ISA_USAGE = YES_ERROR;
				CLANG_WARN_DOCUMENTATION_COMMENTS = YES;
				CLANG_WARN_EMPTY_BODY = YES;
				CLANG_WARN_ENUM_CONVERSION = YES;
				CLANG_WARN_INFINITE_RECURSION = YES;
				CLANG_WARN_INT_CONVERSION = YES;
				CLANG_WARN_NON_LITERAL_NULL_CONVERSION = YES;
				CLANG_WARN_OBJC_IMPLICIT_RETAIN_SELF = YES;
				CLANG_WARN_OBJC_LITERAL_CONVERSION = YES;
				CLANG_WARN_OBJC_ROOT_CLASS = YES_ERROR;
				CLANG_WARN_QUOTED_INCLUDE_IN_FRAMEWORK_HEADER = YES;
				CLANG_WARN_RANGE_LOOP_ANALYSIS = YES;
				CLANG_WARN_STRICT_PROTOTYPES = YES;
				CLANG_WARN_SUSPICIOUS_MOVE = YES;
				CLANG_WARN_UNGUARDED_AVAILABILITY = YES_AGGRESSIVE;
				CLANG_WARN_UNREACHABLE_CODE = YES;
				CLANG_WARN__DUPLICATE_METHOD_MATCH = YES;
				COPY_PHASE_STRIP = NO;
				DEBUG_INFORMATION_FORMAT = "dwarf-with-dsym";
				ENABLE_NS_ASSERTIONS = NO;
				ENABLE_STRICT_OBJC_MSGSEND = YES;
				ENABLE_USER_SCRIPT_SANDBOXING = YES;
				GCC_C_LANGUAGE_STANDARD = gnu17;
				GCC_NO_COMMON_BLOCKS = YES;
				GCC_WARN_64_TO_32_BIT_CONVERSION = YES;
				GCC_WARN_ABOUT_RETURN_TYPE = YES_ERROR;
				GCC_WARN_UNDECLARED_SELECTOR = YES;
				GCC_WARN_UNINITIALIZED_AUTOS = YES_AGGRESSIVE;
				GCC_WARN_UNUSED_FUNCTION = YES;
				GCC_WARN_UNUSED_VARIABLE = YES;
				IPHONEOS_DEPLOYMENT_TARGET = 17.0;
				LOCALIZATION_PREFERS_STRING_CATALOGS = YES;
				MTL_ENABLE_DEBUG_INFO = NO;
				MTL_FAST_MATH = YES;
				SDKROOT = iphoneos;
				SWIFT_COMPILATION_MODE = wholemodule;
				VALIDATE_PRODUCT = YES;
			};
			name = Release;
		};
		2AFFEE962AD649DC00683283 /* Debug */ = {
			isa = XCBuildConfiguration;
			buildSettings = {
				ASSETCATALOG_COMPILER_APPICON_NAME = AppIcon;
				ASSETCATALOG_COMPILER_GLOBAL_ACCENT_COLOR_NAME = AccentColor;
				CODE_SIGN_STYLE = Automatic;
				CURRENT_PROJECT_VERSION = 1;
				DEVELOPMENT_TEAM = W4GAJGK6F9;
				GENERATE_INFOPLIST_FILE = YES;
				INFOPLIST_FILE = GithubFollowers/Info.plist;
				INFOPLIST_KEY_UIApplicationSupportsIndirectInputEvents = YES;
				INFOPLIST_KEY_UILaunchStoryboardName = LaunchScreen;
				INFOPLIST_KEY_UISupportedInterfaceOrientations = UIInterfaceOrientationPortrait;
				LD_RUNPATH_SEARCH_PATHS = (
					"$(inherited)",
					"@executable_path/Frameworks",
				);
				MARKETING_VERSION = 1.0;
				PRODUCT_BUNDLE_IDENTIFIER = irna.GithubFollowers;
				PRODUCT_NAME = "$(TARGET_NAME)";
				SUPPORTED_PLATFORMS = "iphoneos iphonesimulator";
				SUPPORTS_MACCATALYST = NO;
				SWIFT_EMIT_LOC_STRINGS = YES;
				SWIFT_VERSION = 5.0;
				TARGETED_DEVICE_FAMILY = 1;
			};
			name = Debug;
		};
		2AFFEE972AD649DC00683283 /* Release */ = {
			isa = XCBuildConfiguration;
			buildSettings = {
				ASSETCATALOG_COMPILER_APPICON_NAME = AppIcon;
				ASSETCATALOG_COMPILER_GLOBAL_ACCENT_COLOR_NAME = AccentColor;
				CODE_SIGN_STYLE = Automatic;
				CURRENT_PROJECT_VERSION = 1;
				DEVELOPMENT_TEAM = W4GAJGK6F9;
				GENERATE_INFOPLIST_FILE = YES;
				INFOPLIST_FILE = GithubFollowers/Info.plist;
				INFOPLIST_KEY_UIApplicationSupportsIndirectInputEvents = YES;
				INFOPLIST_KEY_UILaunchStoryboardName = LaunchScreen;
				INFOPLIST_KEY_UISupportedInterfaceOrientations = UIInterfaceOrientationPortrait;
				LD_RUNPATH_SEARCH_PATHS = (
					"$(inherited)",
					"@executable_path/Frameworks",
				);
				MARKETING_VERSION = 1.0;
				PRODUCT_BUNDLE_IDENTIFIER = irna.GithubFollowers;
				PRODUCT_NAME = "$(TARGET_NAME)";
				SUPPORTED_PLATFORMS = "iphoneos iphonesimulator";
				SUPPORTS_MACCATALYST = NO;
				SWIFT_EMIT_LOC_STRINGS = YES;
				SWIFT_VERSION = 5.0;
				TARGETED_DEVICE_FAMILY = 1;
			};
			name = Release;
		};
/* End XCBuildConfiguration section */

/* Begin XCConfigurationList section */
		2AFFEE7C2AD649DA00683283 /* Build configuration list for PBXProject "GithubFollowers" */ = {
			isa = XCConfigurationList;
			buildConfigurations = (
				2AFFEE932AD649DC00683283 /* Debug */,
				2AFFEE942AD649DC00683283 /* Release */,
			);
			defaultConfigurationIsVisible = 0;
			defaultConfigurationName = Release;
		};
		2AFFEE952AD649DC00683283 /* Build configuration list for PBXNativeTarget "GithubFollowers" */ = {
			isa = XCConfigurationList;
			buildConfigurations = (
				2AFFEE962AD649DC00683283 /* Debug */,
				2AFFEE972AD649DC00683283 /* Release */,
			);
			defaultConfigurationIsVisible = 0;
			defaultConfigurationName = Release;
		};
/* End XCConfigurationList section */
	};
	rootObject = 2AFFEE792AD649DA00683283 /* Project object */;
}
